
Microsoft Visual Studio Solution File, Format Version 12.00
# Visual Studio Version 17
VisualStudioVersion = 17.1.32328.378
MinimumVisualStudioVersion = 10.0.40219.1
Project("{FAE04EC0-301F-11D3-BF4B-00C04F79EFBC}") = "Aula.27.09.2022", "Aula.27.09.2022\Aula.27.09.2022.csproj", "{FF95B6FA-0237-4FBC-8E13-42C9BCC108D3}"
EndProject
Global
	GlobalSection(SolutionConfigurationPlatforms) = preSolution
		Debug|Any CPU = Debug|Any CPU
		Release|Any CPU = Release|Any CPU
	EndGlobalSection
	GlobalSection(ProjectConfigurationPlatforms) = postSolution
		{FF95B6FA-0237-4FBC-8E13-42C9BCC108D3}.Debug|Any CPU.ActiveCfg = Debug|Any CPU
		{FF95B6FA-0237-4FBC-8E13-42C9BCC108D3}.Debug|Any CPU.Build.0 = Debug|Any CPU
		{FF95B6FA-0237-4FBC-8E13-42C9BCC108D3}.Release|Any CPU.ActiveCfg = Release|Any CPU
		{FF95B6FA-0237-4FBC-8E13-42C9BCC108D3}.Release|Any CPU.Build.0 = Release|Any CPU
	EndGlobalSection
	GlobalSection(SolutionProperties) = preSolution
		HideSolutionNode = FALSE
	EndGlobalSection
	GlobalSection(ExtensibilityGlobals) = postSolution
		SolutionGuid = {17C56419-C2D2-49E0-A0CD-76D4A26F682A}
	EndGlobalSection
EndGlobal
